{
  "nodes": {
    "brew-src": {
      "flake": false,
      "locked": {
        "lastModified": 1753461463,
        "narHash": "sha256-kGc7pRH0diLzKmOHsEFA8sZ9NJpgT+tqxAMsuqNd5Po=",
        "owner": "Homebrew",
        "repo": "brew",
        "rev": "4d14be89e99a45181c18e96a5f19a5b43343cc0f",
        "type": "github"
      },
      "original": {
        "owner": "Homebrew",
        "ref": "4.5.13",
        "repo": "brew",
        "type": "github"
      }
    },
    "devshell": {
      "inputs": {
        "nixpkgs": "nixpkgs"
      },
      "locked": {
        "lastModified": 1741473158,
        "narHash": "sha256-kWNaq6wQUbUMlPgw8Y+9/9wP0F8SHkjy24/mN3UAppg=",
        "owner": "numtide",
        "repo": "devshell",
        "rev": "7c9e793ebe66bcba8292989a68c0419b737a22a0",
        "type": "github"
      },
      "original": {
        "owner": "numtide",
        "repo": "devshell",
        "type": "github"
      }
    },
    "devshell_2": {
      "inputs": {
        "nixpkgs": "nixpkgs_3"
      },
      "locked": {
        "lastModified": 1741473158,
        "narHash": "sha256-kWNaq6wQUbUMlPgw8Y+9/9wP0F8SHkjy24/mN3UAppg=",
        "owner": "numtide",
        "repo": "devshell",
        "rev": "7c9e793ebe66bcba8292989a68c0419b737a22a0",
        "type": "github"
      },
      "original": {
        "owner": "numtide",
        "repo": "devshell",
        "type": "github"
      }
    },
    "flake-compat": {
      "flake": false,
      "locked": {
        "lastModified": 1747046372,
        "narHash": "sha256-CIVLLkVgvHYbgI2UpXvIIBJ12HWgX+fjA8Xf8PUmqCY=",
        "owner": "edolstra",
        "repo": "flake-compat",
        "rev": "9100a0f413b0c601e0533d1d94ffd501ce2e7885",
        "type": "github"
      },
      "original": {
        "owner": "edolstra",
        "repo": "flake-compat",
        "type": "github"
      }
    },
    "flake-parts": {
      "inputs": {
        "nixpkgs-lib": "nixpkgs-lib"
      },
      "locked": {
        "lastModified": 1754091436,
        "narHash": "sha256-XKqDMN1/Qj1DKivQvscI4vmHfDfvYR2pfuFOJiCeewM=",
        "owner": "hercules-ci",
        "repo": "flake-parts",
        "rev": "67df8c627c2c39c41dbec76a1f201929929ab0bd",
        "type": "github"
      },
      "original": {
        "owner": "hercules-ci",
        "repo": "flake-parts",
        "type": "github"
      }
    },
    "flake-utils": {
      "inputs": {
        "systems": "systems"
      },
      "locked": {
        "lastModified": 1731533236,
        "narHash": "sha256-l0KFg5HjrsfsO/JpG+r7fRrqm12kzFHyUHqHCVpMMbI=",
        "owner": "numtide",
        "repo": "flake-utils",
        "rev": "11707dc2f618dd54ca8739b309ec4fc024de578b",
        "type": "github"
      },
      "original": {
        "owner": "numtide",
        "repo": "flake-utils",
        "type": "github"
      }
    },
    "flake-utils_2": {
      "inputs": {
        "systems": "systems_2"
      },
      "locked": {
        "lastModified": 1731533236,
        "narHash": "sha256-l0KFg5HjrsfsO/JpG+r7fRrqm12kzFHyUHqHCVpMMbI=",
        "owner": "numtide",
        "repo": "flake-utils",
        "rev": "11707dc2f618dd54ca8739b309ec4fc024de578b",
        "type": "github"
      },
      "original": {
        "owner": "numtide",
        "repo": "flake-utils",
        "type": "github"
      }
    },
    "generate-go-sri": {
      "inputs": {
        "nixpkgs": "nixpkgs_2",
        "tailscale": "tailscale"
      },
      "locked": {
        "lastModified": 1739117370,
        "narHash": "sha256-71PNfk4UONMds2ym0lUz4TazFdEmJshXAO3WVrN50FY=",
        "owner": "antifuchs",
        "repo": "generate-go-sri",
        "rev": "3c3ec91c8f53952182fc81e7217b9156c1fafd38",
        "type": "github"
      },
      "original": {
        "owner": "antifuchs",
        "repo": "generate-go-sri",
        "type": "github"
      }
    },
    "home-manager": {
      "inputs": {
        "nixpkgs": [
          "nixpkgs"
        ]
      },
      "locked": {
        "lastModified": 1753592768,
        "narHash": "sha256-oV695RvbAE4+R9pcsT9shmp6zE/+IZe6evHWX63f2Qg=",
        "owner": "nix-community",
        "repo": "home-manager",
        "rev": "fc3add429f21450359369af74c2375cb34a2d204",
        "type": "github"
      },
      "original": {
        "owner": "nix-community",
        "ref": "release-25.05",
        "repo": "home-manager",
        "type": "github"
      }
    },
    "hoopsnake": {
      "inputs": {
        "devshell": "devshell",
        "flake-parts": "flake-parts",
        "generate-go-sri": "generate-go-sri",
        "nixpkgs": [
          "nixpkgs"
        ]
      },
      "locked": {
        "lastModified": 1754592123,
        "narHash": "sha256-VaM1R8UW0YdJqo93EdPoBwWhQ5TQ81HMNFaJj0jMaH8=",
        "owner": "boinkor-net",
        "repo": "hoopsnake",
        "rev": "1dd55ebc18d927908328d6d8c3c7ca6bb85a9539",
        "type": "github"
      },
      "original": {
        "owner": "boinkor-net",
        "repo": "hoopsnake",
        "type": "github"
      }
    },
    "mcp-nixos": {
      "inputs": {
        "devshell": "devshell_2",
        "flake-utils": "flake-utils",
        "nixpkgs": [
          "nixpkgs"
        ]
      },
      "locked": {
        "lastModified": 1755372538,
        "narHash": "sha256-iWhsf1Myk6RyQ7IuNf4bWI3Sqq9pgmhKvEisCXtkxyw=",
        "owner": "utensils",
        "repo": "mcp-nixos",
        "rev": "46b4d4d3d6421bfbadc415532ef74433871e1cda",
        "type": "github"
      },
      "original": {
        "owner": "utensils",
        "repo": "mcp-nixos",
        "type": "github"
      }
    },
    "nix-darwin": {
      "inputs": {
        "nixpkgs": [
          "nixpkgs-darwin"
        ]
      },
      "locked": {
        "lastModified": 1749744770,
        "narHash": "sha256-MEM9XXHgBF/Cyv1RES1t6gqAX7/tvayBC1r/KPyK1ls=",
        "owner": "LnL7",
        "repo": "nix-darwin",
        "rev": "536f951efb1ccda9b968e3c9dee39fbeb6d3fdeb",
        "type": "github"
      },
      "original": {
        "owner": "LnL7",
        "ref": "nix-darwin-25.05",
        "repo": "nix-darwin",
        "type": "github"
      }
    },
    "nix-homebrew": {
      "inputs": {
        "brew-src": "brew-src"
      },
      "locked": {
        "lastModified": 1754250993,
        "narHash": "sha256-MEin+qoQKtFC1b0f4tnQ+Z82BQWSCgh6Ef7rpmH9gig=",
        "owner": "zhaofengli",
        "repo": "nix-homebrew",
        "rev": "314d057294e79bc2596972126b84c6f9f144499a",
        "type": "github"
      },
      "original": {
        "owner": "zhaofengli",
        "repo": "nix-homebrew",
        "type": "github"
      }
    },
    "nix-rosetta-builder": {
      "inputs": {
        "nixos-generators": "nixos-generators",
        "nixpkgs": [
          "nixpkgs-unstable"
        ]
      },
      "locked": {
        "lastModified": 1745249216,
        "narHash": "sha256-bNuaIdGrs8LfintWymo9KQTILwVxsw5T6zdfxZY6K0g=",
        "owner": "cpick",
        "repo": "nix-rosetta-builder",
        "rev": "5cf6aa1f3f2fbb70443d33b5ef7779b7c7063392",
        "type": "github"
      },
      "original": {
        "owner": "cpick",
        "repo": "nix-rosetta-builder",
        "type": "github"
      }
    },
    "nix-system-graphics": {
      "inputs": {
        "nixpkgs": [
          "nixpkgs"
        ]
      },
      "locked": {
        "lastModified": 1737457219,
        "narHash": "sha256-nX9dxoATDCSQgWw/iv6BngXDJEyHVYYEvHEVQ7Ig3fI=",
        "owner": "soupglasses",
        "repo": "nix-system-graphics",
        "rev": "9c875e0c56cf2eb272b9102a4f3e24e4e31629fd",
        "type": "github"
      },
      "original": {
        "owner": "soupglasses",
        "repo": "nix-system-graphics",
        "type": "github"
      }
    },
    "nixlib": {
      "locked": {
        "lastModified": 1736643958,
        "narHash": "sha256-tmpqTSWVRJVhpvfSN9KXBvKEXplrwKnSZNAoNPf/S/s=",
        "owner": "nix-community",
        "repo": "nixpkgs.lib",
        "rev": "1418bc28a52126761c02dd3d89b2d8ca0f521181",
        "type": "github"
      },
      "original": {
        "owner": "nix-community",
        "repo": "nixpkgs.lib",
        "type": "github"
      }
    },
    "nixos-generators": {
      "inputs": {
        "nixlib": "nixlib",
        "nixpkgs": [
          "nix-rosetta-builder",
          "nixpkgs"
        ]
      },
      "locked": {
        "lastModified": 1737057290,
        "narHash": "sha256-3Pe0yKlCc7EOeq1X/aJVDH0CtNL+tIBm49vpepwL1MQ=",
        "owner": "nix-community",
        "repo": "nixos-generators",
        "rev": "d002ce9b6e7eb467cd1c6bb9aef9c35d191b5453",
        "type": "github"
      },
      "original": {
        "owner": "nix-community",
        "repo": "nixos-generators",
        "type": "github"
      }
    },
    "nixos-wsl": {
      "inputs": {
        "flake-compat": "flake-compat",
        "nixpkgs": [
          "nixpkgs"
        ]
      },
      "locked": {
        "lastModified": 1755261305,
        "narHash": "sha256-EOqCupB5X5WoGVHVcfOZcqy0SbKWNuY3kq+lj1wHdu8=",
        "owner": "nix-community",
        "repo": "NixOS-WSL",
        "rev": "203a7b463f307c60026136dd1191d9001c43457f",
        "type": "github"
      },
      "original": {
        "owner": "nix-community",
        "ref": "main",
        "repo": "NixOS-WSL",
        "type": "github"
      }
    },
    "nixpkgs": {
      "locked": {
        "lastModified": 1722073938,
        "narHash": "sha256-OpX0StkL8vpXyWOGUD6G+MA26wAXK6SpT94kLJXo6B4=",
        "owner": "NixOS",
        "repo": "nixpkgs",
        "rev": "e36e9f57337d0ff0cf77aceb58af4c805472bfae",
        "type": "github"
      },
      "original": {
        "owner": "NixOS",
        "ref": "nixpkgs-unstable",
        "repo": "nixpkgs",
        "type": "github"
      }
    },
    "nixpkgs-darwin": {
      "locked": {
        "lastModified": 1755678965,
        "narHash": "sha256-zyEsoxHTMIbyYWpc4n+jiKwZ9TcIE4DPotdxAe2Jrso=",
        "owner": "nixos",
        "repo": "nixpkgs",
        "rev": "0ee3848fea3e9c7dadf47cf1e89f8c13878e9f6f",
        "type": "github"
      },
      "original": {
        "owner": "nixos",
        "ref": "nixpkgs-25.05-darwin",
        "repo": "nixpkgs",
        "type": "github"
      }
    },
    "nixpkgs-lib": {
      "locked": {
        "lastModified": 1753579242,
        "narHash": "sha256-zvaMGVn14/Zz8hnp4VWT9xVnhc8vuL3TStRqwk22biA=",
        "owner": "nix-community",
        "repo": "nixpkgs.lib",
        "rev": "0f36c44e01a6129be94e3ade315a5883f0228a6e",
        "type": "github"
      },
      "original": {
        "owner": "nix-community",
        "repo": "nixpkgs.lib",
        "type": "github"
      }
    },
    "nixpkgs-unstable": {
      "locked": {
        "lastModified": 1755615617,
        "narHash": "sha256-HMwfAJBdrr8wXAkbGhtcby1zGFvs+StOp19xNsbqdOg=",
        "owner": "nixos",
        "repo": "nixpkgs",
        "rev": "20075955deac2583bb12f07151c2df830ef346b4",
        "type": "github"
      },
      "original": {
        "owner": "nixos",
        "ref": "nixos-unstable",
        "repo": "nixpkgs",
        "type": "github"
      }
    },
    "nixpkgs_2": {
      "locked": {
        "lastModified": 1726583932,
        "narHash": "sha256-zACxiQx8knB3F8+Ze+1BpiYrI+CbhxyWpcSID9kVhkQ=",
        "owner": "NixOS",
        "repo": "nixpkgs",
        "rev": "658e7223191d2598641d50ee4e898126768fe847",
        "type": "github"
      },
      "original": {
        "owner": "NixOS",
        "ref": "nixpkgs-unstable",
        "repo": "nixpkgs",
        "type": "github"
      }
    },
    "nixpkgs_3": {
      "locked": {
        "lastModified": 1722073938,
        "narHash": "sha256-OpX0StkL8vpXyWOGUD6G+MA26wAXK6SpT94kLJXo6B4=",
        "owner": "NixOS",
        "repo": "nixpkgs",
        "rev": "e36e9f57337d0ff0cf77aceb58af4c805472bfae",
        "type": "github"
      },
      "original": {
        "owner": "NixOS",
        "ref": "nixpkgs-unstable",
        "repo": "nixpkgs",
        "type": "github"
      }
    },
    "nixpkgs_4": {
      "locked": {
        "lastModified": 1755593991,
        "narHash": "sha256-BA9MuPjBDx/WnpTJ0EGhStyfE7hug8g85Y3Ju9oTsM4=",
        "owner": "nixos",
        "repo": "nixpkgs",
        "rev": "a58390ab6f1aa810eb8e0f0fc74230e7cc06de03",
        "type": "github"
      },
      "original": {
        "owner": "nixos",
        "ref": "nixos-25.05",
        "repo": "nixpkgs",
        "type": "github"
      }
    },
    "root": {
      "inputs": {
        "home-manager": "home-manager",
        "hoopsnake": "hoopsnake",
        "mcp-nixos": "mcp-nixos",
        "nix-darwin": "nix-darwin",
        "nix-homebrew": "nix-homebrew",
        "nix-rosetta-builder": "nix-rosetta-builder",
        "nix-system-graphics": "nix-system-graphics",
        "nixos-wsl": "nixos-wsl",
        "nixpkgs": "nixpkgs_4",
        "nixpkgs-darwin": "nixpkgs-darwin",
        "nixpkgs-unstable": "nixpkgs-unstable",
        "rust-overlay": "rust-overlay",
        "sops-nix": "sops-nix",
        "system-manager": "system-manager",
        "yaml": "yaml"
      }
    },
    "rust-overlay": {
      "inputs": {
        "nixpkgs": [
          "nixpkgs"
        ]
      },
      "locked": {
        "lastModified": 1755657401,
        "narHash": "sha256-rPHuWPAcwW63wH1SUtDCqAnf2+60pi/pGMCIhVobzXc=",
        "owner": "oxalica",
        "repo": "rust-overlay",
        "rev": "292ca754b0f679b842fbfc4734f017c351f0e9eb",
        "type": "github"
      },
      "original": {
        "owner": "oxalica",
        "repo": "rust-overlay",
        "type": "github"
      }
    },
    "sops-nix": {
      "inputs": {
        "nixpkgs": [
          "nixpkgs"
        ]
      },
      "locked": {
        "lastModified": 1754988908,
        "narHash": "sha256-t+voe2961vCgrzPFtZxha0/kmFSHFobzF00sT8p9h0U=",
        "owner": "Mic92",
        "repo": "sops-nix",
        "rev": "3223c7a92724b5d804e9988c6b447a0d09017d48",
        "type": "github"
      },
      "original": {
        "owner": "Mic92",
        "repo": "sops-nix",
        "type": "github"
      }
    },
    "system-manager": {
      "inputs": {
        "nixpkgs": [
          "nixpkgs"
        ]
      },
      "locked": {
        "lastModified": 1755498488,
        "narHash": "sha256-hDcNO/1f01oh6knkRT2ee9n5kcdJvPCzMB/p6XWCFuk=",
        "owner": "numtide",
        "repo": "system-manager",
        "rev": "a5d6c2b26a9463fdad6a3ab512d2c8f31edf83c0",
        "type": "github"
      },
      "original": {
        "owner": "numtide",
        "repo": "system-manager",
        "type": "github"
      }
    },
    "systems": {
      "locked": {
        "lastModified": 1681028828,
        "narHash": "sha256-Vy1rq5AaRuLzOxct8nz4T6wlgyUR7zLU309k9mBC768=",
        "owner": "nix-systems",
        "repo": "default",
        "rev": "da67096a3b9bf56a91d16901293e51ba5b49a27e",
        "type": "github"
      },
      "original": {
        "owner": "nix-systems",
        "repo": "default",
        "type": "github"
      }
    },
    "systems_2": {
      "locked": {
        "lastModified": 1681028828,
        "narHash": "sha256-Vy1rq5AaRuLzOxct8nz4T6wlgyUR7zLU309k9mBC768=",
        "owner": "nix-systems",
        "repo": "default",
        "rev": "da67096a3b9bf56a91d16901293e51ba5b49a27e",
        "type": "github"
      },
      "original": {
        "owner": "nix-systems",
        "repo": "default",
        "type": "github"
      }
    },
    "tailscale": {
      "flake": false,
      "locked": {
        "lastModified": 1739025941,
        "narHash": "sha256-ySxjsXj8VEGXj+XNzXyi46bCe4H/FkFIduQFg6grJWw=",
        "owner": "tailscale",
        "repo": "tailscale",
        "rev": "532e38bdc82cd61d0e72cdca89093fd92baa1db2",
        "type": "github"
      },
      "original": {
        "owner": "tailscale",
        "repo": "tailscale",
        "type": "github"
      }
    },
    "yaml": {
      "inputs": {
        "flake-utils": "flake-utils_2",
        "nixpkgs": [
          "nixpkgs"
        ]
      },
      "locked": {
        "lastModified": 1739021160,
        "narHash": "sha256-G2N40nDH5wqEYnnPOWTAsgbwH+ATsn4PNiS211x0ZJQ=",
        "owner": "folospior",
        "repo": "yaml.arm64.nix",
        "rev": "59f017a8acb327c9dc36bc0eebc15826bc977ecf",
        "type": "github"
      },
      "original": {
        "owner": "folospior",
        "repo": "yaml.arm64.nix",
        "type": "github"
      }
    }
  },
  "root": "root",
  "version": 7
}
